
Microsoft Visual Studio Solution File, Format Version 12.00
# Visual Studio 15
VisualStudioVersion = 15.0.28307.1913
MinimumVisualStudioVersion = 10.0.40219.1
Project("{9A19103F-16F7-4668-BE54-9A1E7A4F7556}") = "WinwinService", "WarehouseService\WinwinService.csproj", "{DC94603D-571D-42D4-ADE8-393737CDF6AE}"
EndProject
Project("{9A19103F-16F7-4668-BE54-9A1E7A4F7556}") = "DataBase", "DataBase\DataBase.csproj", "{C6ABD130-5EAB-48EA-9A03-E66B6014D68F}"
EndProject
Global
	GlobalSection(SolutionConfigurationPlatforms) = preSolution
		Debug|Any CPU = Debug|Any CPU
		Release|Any CPU = Release|Any CPU
	EndGlobalSection
	GlobalSection(ProjectConfigurationPlatforms) = postSolution
		{DC94603D-571D-42D4-ADE8-393737CDF6AE}.Debug|Any CPU.ActiveCfg = Debug|Any CPU
		{DC94603D-571D-42D4-ADE8-393737CDF6AE}.Debug|Any CPU.Build.0 = Debug|Any CPU
		{DC94603D-571D-42D4-ADE8-393737CDF6AE}.Release|Any CPU.ActiveCfg = Release|Any CPU
		{DC94603D-571D-42D4-ADE8-393737CDF6AE}.Release|Any CPU.Build.0 = Release|Any CPU
		{C6ABD130-5EAB-48EA-9A03-E66B6014D68F}.Debug|Any CPU.ActiveCfg = Debug|Any CPU
		{C6ABD130-5EAB-48EA-9A03-E66B6014D68F}.Debug|Any CPU.Build.0 = Debug|Any CPU
		{C6ABD130-5EAB-48EA-9A03-E66B6014D68F}.Release|Any CPU.ActiveCfg = Release|Any CPU
		{C6ABD130-5EAB-48EA-9A03-E66B6014D68F}.Release|Any CPU.Build.0 = Release|Any CPU
	EndGlobalSection
	GlobalSection(SolutionProperties) = preSolution
		HideSolutionNode = FALSE
	EndGlobalSection
	GlobalSection(ExtensibilityGlobals) = postSolution
		SolutionGuid = {ACA57142-16C9-45D7-9387-7E375F57D5E0}
	EndGlobalSection
EndGlobal
